
Microsoft Visual Studio Solution File, Format Version 12.00
# Visual Studio Version 17
VisualStudioVersion = 17.4.33205.214
MinimumVisualStudioVersion = 10.0.40219.1
Project("{9A19103F-16F7-4668-BE54-9A1E7A4F7556}") = "HHTestArea.UnitTests", "HHTestArea.UnitTests\HHTestArea.UnitTests.csproj", "{B3A35600-EED3-4DA7-BF0E-CF311B1B8681}"
EndProject
Project("{FAE04EC0-301F-11D3-BF4B-00C04F79EFBC}") = "HHTestAreaLib", "HHTestAreaLib\HHTestAreaLib.csproj", "{AC9734D5-9812-4002-B53B-C5421CB31892}"
EndProject
Global
	GlobalSection(SolutionConfigurationPlatforms) = preSolution
		Debug|Any CPU = Debug|Any CPU
		Release|Any CPU = Release|Any CPU
	EndGlobalSection
	GlobalSection(ProjectConfigurationPlatforms) = postSolution
		{B3A35600-EED3-4DA7-BF0E-CF311B1B8681}.Debug|Any CPU.ActiveCfg = Debug|Any CPU
		{B3A35600-EED3-4DA7-BF0E-CF311B1B8681}.Debug|Any CPU.Build.0 = Debug|Any CPU
		{B3A35600-EED3-4DA7-BF0E-CF311B1B8681}.Release|Any CPU.ActiveCfg = Release|Any CPU
		{B3A35600-EED3-4DA7-BF0E-CF311B1B8681}.Release|Any CPU.Build.0 = Release|Any CPU
		{AC9734D5-9812-4002-B53B-C5421CB31892}.Debug|Any CPU.ActiveCfg = Debug|Any CPU
		{AC9734D5-9812-4002-B53B-C5421CB31892}.Debug|Any CPU.Build.0 = Debug|Any CPU
		{AC9734D5-9812-4002-B53B-C5421CB31892}.Release|Any CPU.ActiveCfg = Release|Any CPU
		{AC9734D5-9812-4002-B53B-C5421CB31892}.Release|Any CPU.Build.0 = Release|Any CPU
	EndGlobalSection
	GlobalSection(SolutionProperties) = preSolution
		HideSolutionNode = FALSE
	EndGlobalSection
	GlobalSection(ExtensibilityGlobals) = postSolution
		SolutionGuid = {8D7F5C61-F2ED-4AB8-8950-D29F64AEF23E}
	EndGlobalSection
EndGlobal
